
Microsoft Visual Studio Solution File, Format Version 12.00
# Visual Studio Version 17
VisualStudioVersion = 17.1.32414.318
MinimumVisualStudioVersion = 10.0.40219.1
Project("{FAE04EC0-301F-11D3-BF4B-00C04F79EFBC}") = "Elpam", "Elpam\Elpam.csproj", "{D8E48B97-7D12-4712-8DCD-D63B4330C660}"
EndProject
Project("{FAE04EC0-301F-11D3-BF4B-00C04F79EFBC}") = "AK", "AK\AK.csproj", "{0B80354D-24A6-4711-96FC-6DB55FB3FC2B}"
EndProject
Global
	GlobalSection(SolutionConfigurationPlatforms) = preSolution
		Debug|Any CPU = Debug|Any CPU
		Release|Any CPU = Release|Any CPU
	EndGlobalSection
	GlobalSection(ProjectConfigurationPlatforms) = postSolution
		{D8E48B97-7D12-4712-8DCD-D63B4330C660}.Debug|Any CPU.ActiveCfg = Debug|Any CPU
		{D8E48B97-7D12-4712-8DCD-D63B4330C660}.Debug|Any CPU.Build.0 = Debug|Any CPU
		{D8E48B97-7D12-4712-8DCD-D63B4330C660}.Release|Any CPU.ActiveCfg = Release|Any CPU
		{D8E48B97-7D12-4712-8DCD-D63B4330C660}.Release|Any CPU.Build.0 = Release|Any CPU
		{0B80354D-24A6-4711-96FC-6DB55FB3FC2B}.Debug|Any CPU.ActiveCfg = Debug|Any CPU
		{0B80354D-24A6-4711-96FC-6DB55FB3FC2B}.Debug|Any CPU.Build.0 = Debug|Any CPU
		{0B80354D-24A6-4711-96FC-6DB55FB3FC2B}.Release|Any CPU.ActiveCfg = Release|Any CPU
		{0B80354D-24A6-4711-96FC-6DB55FB3FC2B}.Release|Any CPU.Build.0 = Release|Any CPU
	EndGlobalSection
	GlobalSection(SolutionProperties) = preSolution
		HideSolutionNode = FALSE
	EndGlobalSection
	GlobalSection(ExtensibilityGlobals) = postSolution
		SolutionGuid = {0940FA87-E24D-4472-BCFE-A38282BB7CB0}
	EndGlobalSection
EndGlobal
